
Microsoft Visual Studio Solution File, Format Version 12.00
# Visual Studio Version 16
VisualStudioVersion = 16.0.30711.63
MinimumVisualStudioVersion = 10.0.40219.1
Project("{FAE04EC0-301F-11D3-BF4B-00C04F79EFBC}") = "计算器", "计算器\计算器.csproj", "{1092BB2F-F76D-4A7D-A8A5-98B43BF7B0DA}"
EndProject
Global
	GlobalSection(SolutionConfigurationPlatforms) = preSolution
		Debug|Any CPU = Debug|Any CPU
		Release|Any CPU = Release|Any CPU
	EndGlobalSection
	GlobalSection(ProjectConfigurationPlatforms) = postSolution
		{1092BB2F-F76D-4A7D-A8A5-98B43BF7B0DA}.Debug|Any CPU.ActiveCfg = Debug|Any CPU
		{1092BB2F-F76D-4A7D-A8A5-98B43BF7B0DA}.Debug|Any CPU.Build.0 = Debug|Any CPU
		{1092BB2F-F76D-4A7D-A8A5-98B43BF7B0DA}.Release|Any CPU.ActiveCfg = Release|Any CPU
		{1092BB2F-F76D-4A7D-A8A5-98B43BF7B0DA}.Release|Any CPU.Build.0 = Release|Any CPU
	EndGlobalSection
	GlobalSection(SolutionProperties) = preSolution
		HideSolutionNode = FALSE
	EndGlobalSection
	GlobalSection(ExtensibilityGlobals) = postSolution
		SolutionGuid = {C5A4C4A7-30B9-4F61-B28B-FA7AA4C3048D}
	EndGlobalSection
EndGlobal
